
Microsoft Visual Studio Solution File, Format Version 12.00
# Visual Studio Version 17
VisualStudioVersion = 17.0.31903.59
MinimumVisualStudioVersion = 10.0.40219.1
Project("{FAE04EC0-301F-11D3-BF4B-00C04F79EFBC}") = "Chronos", "Chronos\Chronos.csproj", "{AFDDCC64-F881-48EC-9071-7E04D5380741}"
EndProject
Project("{FAE04EC0-301F-11D3-BF4B-00C04F79EFBC}") = "RandomTest", "RandomTest\RandomTest.csproj", "{537CDA46-5388-4011-88D3-ADC6AB7EE5CB}"
EndProject
Project("{FAE04EC0-301F-11D3-BF4B-00C04F79EFBC}") = "RanDice", "RanDice\RanDice.csproj", "{97C2981E-CA21-415E-B673-58D03D982608}"
EndProject
Project("{FAE04EC0-301F-11D3-BF4B-00C04F79EFBC}") = "MyGame", "MyGame\MyGame.csproj", "{3F8F5169-1DD4-4CDC-8305-F3B238080720}"
EndProject
Project("{FAE04EC0-301F-11D3-BF4B-00C04F79EFBC}") = "MyGameFriday", "MyGameFriday\MyGameFriday.csproj", "{576B7897-F2EF-4D2B-B00C-7260B918733A}"
EndProject
Global
	GlobalSection(SolutionConfigurationPlatforms) = preSolution
		Debug|Any CPU = Debug|Any CPU
		Release|Any CPU = Release|Any CPU
	EndGlobalSection
	GlobalSection(SolutionProperties) = preSolution
		HideSolutionNode = FALSE
	EndGlobalSection
	GlobalSection(ProjectConfigurationPlatforms) = postSolution
		{AFDDCC64-F881-48EC-9071-7E04D5380741}.Debug|Any CPU.ActiveCfg = Debug|Any CPU
		{AFDDCC64-F881-48EC-9071-7E04D5380741}.Debug|Any CPU.Build.0 = Debug|Any CPU
		{AFDDCC64-F881-48EC-9071-7E04D5380741}.Release|Any CPU.ActiveCfg = Release|Any CPU
		{AFDDCC64-F881-48EC-9071-7E04D5380741}.Release|Any CPU.Build.0 = Release|Any CPU
		{537CDA46-5388-4011-88D3-ADC6AB7EE5CB}.Debug|Any CPU.ActiveCfg = Debug|Any CPU
		{537CDA46-5388-4011-88D3-ADC6AB7EE5CB}.Debug|Any CPU.Build.0 = Debug|Any CPU
		{537CDA46-5388-4011-88D3-ADC6AB7EE5CB}.Release|Any CPU.ActiveCfg = Release|Any CPU
		{537CDA46-5388-4011-88D3-ADC6AB7EE5CB}.Release|Any CPU.Build.0 = Release|Any CPU
		{97C2981E-CA21-415E-B673-58D03D982608}.Debug|Any CPU.ActiveCfg = Debug|Any CPU
		{97C2981E-CA21-415E-B673-58D03D982608}.Debug|Any CPU.Build.0 = Debug|Any CPU
		{97C2981E-CA21-415E-B673-58D03D982608}.Release|Any CPU.ActiveCfg = Release|Any CPU
		{97C2981E-CA21-415E-B673-58D03D982608}.Release|Any CPU.Build.0 = Release|Any CPU
		{3F8F5169-1DD4-4CDC-8305-F3B238080720}.Debug|Any CPU.ActiveCfg = Debug|Any CPU
		{3F8F5169-1DD4-4CDC-8305-F3B238080720}.Debug|Any CPU.Build.0 = Debug|Any CPU
		{3F8F5169-1DD4-4CDC-8305-F3B238080720}.Release|Any CPU.ActiveCfg = Release|Any CPU
		{3F8F5169-1DD4-4CDC-8305-F3B238080720}.Release|Any CPU.Build.0 = Release|Any CPU
		{576B7897-F2EF-4D2B-B00C-7260B918733A}.Debug|Any CPU.ActiveCfg = Debug|Any CPU
		{576B7897-F2EF-4D2B-B00C-7260B918733A}.Debug|Any CPU.Build.0 = Debug|Any CPU
		{576B7897-F2EF-4D2B-B00C-7260B918733A}.Release|Any CPU.ActiveCfg = Release|Any CPU
		{576B7897-F2EF-4D2B-B00C-7260B918733A}.Release|Any CPU.Build.0 = Release|Any CPU
	EndGlobalSection
EndGlobal
