
Microsoft Visual Studio Solution File, Format Version 12.00
# Visual Studio Version 17
VisualStudioVersion = 17.0.31903.59
MinimumVisualStudioVersion = 10.0.40219.1
Project("{FAE04EC0-301F-11D3-BF4B-00C04F79EFBC}") = "LevelOne", "LevelOne\LevelOne.csproj", "{30F37D90-14A5-4D06-A8AF-39485AA11001}"
EndProject
Project("{FAE04EC0-301F-11D3-BF4B-00C04F79EFBC}") = "GreatGame", "GreatGame\GreatGame.csproj", "{40ABF288-31F7-49E2-A1F1-F471AA65F7C6}"
EndProject
Project("{FAE04EC0-301F-11D3-BF4B-00C04F79EFBC}") = "LevelTwo", "LevelTwo\LevelTwo.csproj", "{C193F5D8-A717-4EA3-968C-358EC9FA7C28}"
EndProject
Project("{FAE04EC0-301F-11D3-BF4B-00C04F79EFBC}") = "SoGoodLib", "SoGoodLib\SoGoodLib.csproj", "{D3AD80F7-CE52-4652-927A-32985386CE0A}"
EndProject
Global
	GlobalSection(SolutionConfigurationPlatforms) = preSolution
		Debug|Any CPU = Debug|Any CPU
		Release|Any CPU = Release|Any CPU
	EndGlobalSection
	GlobalSection(SolutionProperties) = preSolution
		HideSolutionNode = FALSE
	EndGlobalSection
	GlobalSection(ProjectConfigurationPlatforms) = postSolution
		{30F37D90-14A5-4D06-A8AF-39485AA11001}.Debug|Any CPU.ActiveCfg = Debug|Any CPU
		{30F37D90-14A5-4D06-A8AF-39485AA11001}.Debug|Any CPU.Build.0 = Debug|Any CPU
		{30F37D90-14A5-4D06-A8AF-39485AA11001}.Release|Any CPU.ActiveCfg = Release|Any CPU
		{30F37D90-14A5-4D06-A8AF-39485AA11001}.Release|Any CPU.Build.0 = Release|Any CPU
		{40ABF288-31F7-49E2-A1F1-F471AA65F7C6}.Debug|Any CPU.ActiveCfg = Debug|Any CPU
		{40ABF288-31F7-49E2-A1F1-F471AA65F7C6}.Debug|Any CPU.Build.0 = Debug|Any CPU
		{40ABF288-31F7-49E2-A1F1-F471AA65F7C6}.Release|Any CPU.ActiveCfg = Release|Any CPU
		{40ABF288-31F7-49E2-A1F1-F471AA65F7C6}.Release|Any CPU.Build.0 = Release|Any CPU
		{C193F5D8-A717-4EA3-968C-358EC9FA7C28}.Debug|Any CPU.ActiveCfg = Debug|Any CPU
		{C193F5D8-A717-4EA3-968C-358EC9FA7C28}.Debug|Any CPU.Build.0 = Debug|Any CPU
		{C193F5D8-A717-4EA3-968C-358EC9FA7C28}.Release|Any CPU.ActiveCfg = Release|Any CPU
		{C193F5D8-A717-4EA3-968C-358EC9FA7C28}.Release|Any CPU.Build.0 = Release|Any CPU
		{D3AD80F7-CE52-4652-927A-32985386CE0A}.Debug|Any CPU.ActiveCfg = Debug|Any CPU
		{D3AD80F7-CE52-4652-927A-32985386CE0A}.Debug|Any CPU.Build.0 = Debug|Any CPU
		{D3AD80F7-CE52-4652-927A-32985386CE0A}.Release|Any CPU.ActiveCfg = Release|Any CPU
		{D3AD80F7-CE52-4652-927A-32985386CE0A}.Release|Any CPU.Build.0 = Release|Any CPU
	EndGlobalSection
EndGlobal
